// !$*UTF8*$!
{
	archiveVersion = 1;
	classes = {
	};
	objectVersion = 48;
	objects = {

/* Begin PBXBuildFile section */
		110FF16E21EF6472009B58AF /* AppDelegate.swift in Sources */ = {isa = PBXBuildFile; fileRef = 110FF16D21EF6472009B58AF /* AppDelegate.swift */; };
		110FF17021EF6472009B58AF /* FeedViewController.swift in Sources */ = {isa = PBXBuildFile; fileRef = 110FF16F21EF6472009B58AF /* FeedViewController.swift */; };
		110FF17321EF6472009B58AF /* Main.storyboard in Resources */ = {isa = PBXBuildFile; fileRef = 110FF17121EF6472009B58AF /* Main.storyboard */; };
		110FF17521EF6472009B58AF /* Assets.xcassets in Resources */ = {isa = PBXBuildFile; fileRef = 110FF17421EF6472009B58AF /* Assets.xcassets */; };
		110FF17821EF6472009B58AF /* LaunchScreen.storyboard in Resources */ = {isa = PBXBuildFile; fileRef = 110FF17621EF6472009B58AF /* LaunchScreen.storyboard */; };
		110FF18121EF6C42009B58AF /* FeedCell.swift in Sources */ = {isa = PBXBuildFile; fileRef = 110FF17F21EF6C42009B58AF /* FeedCell.swift */; };
		110FF18221EF6C42009B58AF /* FeedCell.xib in Resources */ = {isa = PBXBuildFile; fileRef = 110FF18021EF6C42009B58AF /* FeedCell.xib */; };
		110FF18421EF70F2009B58AF /* DataManager.swift in Sources */ = {isa = PBXBuildFile; fileRef = 110FF18321EF70F2009B58AF /* DataManager.swift */; };
		1149C22B21F0D620001161A9 /* Entry.swift in Sources */ = {isa = PBXBuildFile; fileRef = 1149C22A21F0D620001161A9 /* Entry.swift */; };
		1149C22D21F127A7001161A9 /* EntryViewController.swift in Sources */ = {isa = PBXBuildFile; fileRef = 1149C22C21F127A7001161A9 /* EntryViewController.swift */; };
/* End PBXBuildFile section */

/* Begin PBXFileReference section */
		110FF16A21EF6472009B58AF /* RSS-Reader.app */ = {isa = PBXFileReference; explicitFileType = wrapper.application; includeInIndex = 0; path = "RSS-Reader.app"; sourceTree = BUILT_PRODUCTS_DIR; };
		110FF16D21EF6472009B58AF /* AppDelegate.swift */ = {isa = PBXFileReference; lastKnownFileType = sourcecode.swift; path = AppDelegate.swift; sourceTree = "<group>"; };
		110FF16F21EF6472009B58AF /* FeedViewController.swift */ = {isa = PBXFileReference; lastKnownFileType = sourcecode.swift; path = FeedViewController.swift; sourceTree = "<group>"; };
		110FF17221EF6472009B58AF /* Base */ = {isa = PBXFileReference; lastKnownFileType = file.storyboard; name = Base; path = Base.lproj/Main.storyboard; sourceTree = "<group>"; };
		110FF17421EF6472009B58AF /* Assets.xcassets */ = {isa = PBXFileReference; lastKnownFileType = folder.assetcatalog; path = Assets.xcassets; sourceTree = "<group>"; };
		110FF17721EF6472009B58AF /* Base */ = {isa = PBXFileReference; lastKnownFileType = file.storyboard; name = Base; path = Base.lproj/LaunchScreen.storyboard; sourceTree = "<group>"; };
		110FF17921EF6472009B58AF /* Info.plist */ = {isa = PBXFileReference; lastKnownFileType = text.plist.xml; path = Info.plist; sourceTree = "<group>"; };
		110FF17F21EF6C42009B58AF /* FeedCell.swift */ = {isa = PBXFileReference; lastKnownFileType = sourcecode.swift; path = FeedCell.swift; sourceTree = "<group>"; };
		110FF18021EF6C42009B58AF /* FeedCell.xib */ = {isa = PBXFileReference; lastKnownFileType = file.xib; path = FeedCell.xib; sourceTree = "<group>"; };
		110FF18321EF70F2009B58AF /* DataManager.swift */ = {isa = PBXFileReference; lastKnownFileType = sourcecode.swift; path = DataManager.swift; sourceTree = "<group>"; };
		1149C22A21F0D620001161A9 /* Entry.swift */ = {isa = PBXFileReference; lastKnownFileType = sourcecode.swift; path = Entry.swift; sourceTree = "<group>"; };
		1149C22C21F127A7001161A9 /* EntryViewController.swift */ = {isa = PBXFileReference; lastKnownFileType = sourcecode.swift; path = EntryViewController.swift; sourceTree = "<group>"; };
/* End PBXFileReference section */

/* Begin PBXFrameworksBuildPhase section */
		110FF16721EF6472009B58AF /* Frameworks */ = {
			isa = PBXFrameworksBuildPhase;
			buildActionMask = 2147483647;
			files = (
			);
			runOnlyForDeploymentPostprocessing = 0;
		};
/* End PBXFrameworksBuildPhase section */

/* Begin PBXGroup section */
		110FF16121EF6472009B58AF = {
			isa = PBXGroup;
			children = (
				110FF16C21EF6472009B58AF /* RSS-Reader */,
				110FF16B21EF6472009B58AF /* Products */,
			);
			sourceTree = "<group>";
		};
		110FF16B21EF6472009B58AF /* Products */ = {
			isa = PBXGroup;
			children = (
				110FF16A21EF6472009B58AF /* RSS-Reader.app */,
			);
			name = Products;
			sourceTree = "<group>";
		};
		110FF16C21EF6472009B58AF /* RSS-Reader */ = {
			isa = PBXGroup;
			children = (
				1149C23021F1964F001161A9 /* UI */,
				1149C23321F19700001161A9 /* Storyboards */,
				1149C22E21F195DE001161A9 /* Data */,
				110FF16D21EF6472009B58AF /* AppDelegate.swift */,
				110FF17921EF6472009B58AF /* Info.plist */,
				110FF17421EF6472009B58AF /* Assets.xcassets */,
			);
			path = "RSS-Reader";
			sourceTree = "<group>";
		};
		1149C22E21F195DE001161A9 /* Data */ = {
			isa = PBXGroup;
			children = (
				110FF18321EF70F2009B58AF /* DataManager.swift */,
				1149C22A21F0D620001161A9 /* Entry.swift */,
			);
			path = Data;
			sourceTree = "<group>";
		};
		1149C23021F1964F001161A9 /* UI */ = {
			isa = PBXGroup;
			children = (
				1149C23121F19679001161A9 /* Feed */,
				1149C23221F196E9001161A9 /* Entry */,
			);
			path = UI;
			sourceTree = "<group>";
		};
		1149C23121F19679001161A9 /* Feed */ = {
			isa = PBXGroup;
			children = (
				110FF16F21EF6472009B58AF /* FeedViewController.swift */,
				110FF17F21EF6C42009B58AF /* FeedCell.swift */,
				110FF18021EF6C42009B58AF /* FeedCell.xib */,
			);
			path = Feed;
			sourceTree = "<group>";
		};
		1149C23221F196E9001161A9 /* Entry */ = {
			isa = PBXGroup;
			children = (
				1149C22C21F127A7001161A9 /* EntryViewController.swift */,
			);
			path = Entry;
			sourceTree = "<group>";
		};
		1149C23321F19700001161A9 /* Storyboards */ = {
			isa = PBXGroup;
			children = (
				110FF17121EF6472009B58AF /* Main.storyboard */,
				110FF17621EF6472009B58AF /* LaunchScreen.storyboard */,
			);
			path = Storyboards;
			sourceTree = "<group>";
		};
/* End PBXGroup section */

/* Begin PBXNativeTarget section */
		110FF16921EF6472009B58AF /* RSS-Reader */ = {
			isa = PBXNativeTarget;
			buildConfigurationList = 110FF17C21EF6472009B58AF /* Build configuration list for PBXNativeTarget "RSS-Reader" */;
			buildPhases = (
				110FF16621EF6472009B58AF /* Sources */,
				110FF16721EF6472009B58AF /* Frameworks */,
				110FF16821EF6472009B58AF /* Resources */,
			);
			buildRules = (
			);
			dependencies = (
			);
			name = "RSS-Reader";
			productName = "RSS-Reader";
			productReference = 110FF16A21EF6472009B58AF /* RSS-Reader.app */;
			productType = "com.apple.product-type.application";
		};
/* End PBXNativeTarget section */

/* Begin PBXProject section */
		110FF16221EF6472009B58AF /* Project object */ = {
			isa = PBXProject;
			attributes = {
				LastSwiftUpdateCheck = 0910;
				LastUpgradeCheck = 0910;
				ORGANIZATIONNAME = "sandra-alt";
				TargetAttributes = {
					110FF16921EF6472009B58AF = {
						CreatedOnToolsVersion = 9.1;
						ProvisioningStyle = Automatic;
					};
				};
			};
			buildConfigurationList = 110FF16521EF6472009B58AF /* Build configuration list for PBXProject "RSS-Reader" */;
			compatibilityVersion = "Xcode 8.0";
			developmentRegion = en;
			hasScannedForEncodings = 0;
			knownRegions = (
				en,
				Base,
			);
			mainGroup = 110FF16121EF6472009B58AF;
			productRefGroup = 110FF16B21EF6472009B58AF /* Products */;
			projectDirPath = "";
			projectRoot = "";
			targets = (
				110FF16921EF6472009B58AF /* RSS-Reader */,
			);
		};
/* End PBXProject section */

/* Begin PBXResourcesBuildPhase section */
		110FF16821EF6472009B58AF /* Resources */ = {
			isa = PBXResourcesBuildPhase;
			buildActionMask = 2147483647;
			files = (
				110FF17821EF6472009B58AF /* LaunchScreen.storyboard in Resources */,
				110FF18221EF6C42009B58AF /* FeedCell.xib in Resources */,
				110FF17521EF6472009B58AF /* Assets.xcassets in Resources */,
				110FF17321EF6472009B58AF /* Main.storyboard in Resources */,
			);
			runOnlyForDeploymentPostprocessing = 0;
		};
/* End PBXResourcesBuildPhase section */

/* Begin PBXSourcesBuildPhase section */
		110FF16621EF6472009B58AF /* Sources */ = {
			isa = PBXSourcesBuildPhase;
			buildActionMask = 2147483647;
			files = (
				1149C22B21F0D620001161A9 /* Entry.swift in Sources */,
				110FF17021EF6472009B58AF /* FeedViewController.swift in Sources */,
				110FF18421EF70F2009B58AF /* DataManager.swift in Sources */,
				110FF16E21EF6472009B58AF /* AppDelegate.swift in Sources */,
				110FF18121EF6C42009B58AF /* FeedCell.swift in Sources */,
				1149C22D21F127A7001161A9 /* EntryViewController.swift in Sources */,
			);
			runOnlyForDeploymentPostprocessing = 0;
		};
/* End PBXSourcesBuildPhase section */

/* Begin PBXVariantGroup section */
		110FF17121EF6472009B58AF /* Main.storyboard */ = {
			isa = PBXVariantGroup;
			children = (
				110FF17221EF6472009B58AF /* Base */,
			);
			name = Main.storyboard;
			sourceTree = "<group>";
		};
		110FF17621EF6472009B58AF /* LaunchScreen.storyboard */ = {
			isa = PBXVariantGroup;
			children = (
				110FF17721EF6472009B58AF /* Base */,
			);
			name = LaunchScreen.storyboard;
			sourceTree = "<group>";
		};
/* End PBXVariantGroup section */

/* Begin XCBuildConfiguration section */
		110FF17A21EF6472009B58AF /* Debug */ = {
			isa = XCBuildConfiguration;
			buildSettings = {
				ALWAYS_SEARCH_USER_PATHS = NO;
				CLANG_ANALYZER_NONNULL = YES;
				CLANG_ANALYZER_NUMBER_OBJECT_CONVERSION = YES_AGGRESSIVE;
				CLANG_CXX_LANGUAGE_STANDARD = "gnu++14";
				CLANG_CXX_LIBRARY = "libc++";
				CLANG_ENABLE_MODULES = YES;
				CLANG_ENABLE_OBJC_ARC = YES;
				CLANG_WARN_BLOCK_CAPTURE_AUTORELEASING = YES;
				CLANG_WARN_BOOL_CONVERSION = YES;
				CLANG_WARN_COMMA = YES;
				CLANG_WARN_CONSTANT_CONVERSION = YES;
				CLANG_WARN_DIRECT_OBJC_ISA_USAGE = YES_ERROR;
				CLANG_WARN_DOCUMENTATION_COMMENTS = YES;
				CLANG_WARN_EMPTY_BODY = YES;
				CLANG_WARN_ENUM_CONVERSION = YES;
				CLANG_WARN_INFINITE_RECURSION = YES;
				CLANG_WARN_INT_CONVERSION = YES;
				CLANG_WARN_NON_LITERAL_NULL_CONVERSION = YES;
				CLANG_WARN_OBJC_LITERAL_CONVERSION = YES;
				CLANG_WARN_OBJC_ROOT_CLASS = YES_ERROR;
				CLANG_WARN_RANGE_LOOP_ANALYSIS = YES;
				CLANG_WARN_STRICT_PROTOTYPES = YES;
				CLANG_WARN_SUSPICIOUS_MOVE = YES;
				CLANG_WARN_UNGUARDED_AVAILABILITY = YES_AGGRESSIVE;
				CLANG_WARN_UNREACHABLE_CODE = YES;
				CLANG_WARN__DUPLICATE_METHOD_MATCH = YES;
				CODE_SIGN_IDENTITY = "iPhone Developer";
				COPY_PHASE_STRIP = NO;
				DEBUG_INFORMATION_FORMAT = dwarf;
				ENABLE_STRICT_OBJC_MSGSEND = YES;
				ENABLE_TESTABILITY = YES;
				GCC_C_LANGUAGE_STANDARD = gnu11;
				GCC_DYNAMIC_NO_PIC = NO;
				GCC_NO_COMMON_BLOCKS = YES;
				GCC_OPTIMIZATION_LEVEL = 0;
				GCC_PREPROCESSOR_DEFINITIONS = (
					"DEBUG=1",
					"$(inherited)",
				);
				GCC_WARN_64_TO_32_BIT_CONVERSION = YES;
				GCC_WARN_ABOUT_RETURN_TYPE = YES_ERROR;
				GCC_WARN_UNDECLARED_SELECTOR = YES;
				GCC_WARN_UNINITIALIZED_AUTOS = YES_AGGRESSIVE;
				GCC_WARN_UNUSED_FUNCTION = YES;
				GCC_WARN_UNUSED_VARIABLE = YES;
				IPHONEOS_DEPLOYMENT_TARGET = 11.1;
				MTL_ENABLE_DEBUG_INFO = YES;
				ONLY_ACTIVE_ARCH = YES;
				SDKROOT = iphoneos;
				SWIFT_ACTIVE_COMPILATION_CONDITIONS = DEBUG;
				SWIFT_OPTIMIZATION_LEVEL = "-Onone";
			};
			name = Debug;
		};
		110FF17B21EF6472009B58AF /* Release */ = {
			isa = XCBuildConfiguration;
			buildSettings = {
				ALWAYS_SEARCH_USER_PATHS = NO;
				CLANG_ANALYZER_NONNULL = YES;
				CLANG_ANALYZER_NUMBER_OBJECT_CONVERSION = YES_AGGRESSIVE;
				CLANG_CXX_LANGUAGE_STANDARD = "gnu++14";
				CLANG_CXX_LIBRARY = "libc++";
				CLANG_ENABLE_MODULES = YES;
				CLANG_ENABLE_OBJC_ARC = YES;
				CLANG_WARN_BLOCK_CAPTURE_AUTORELEASING = YES;
				CLANG_WARN_BOOL_CONVERSION = YES;
				CLANG_WARN_COMMA = YES;
				CLANG_WARN_CONSTANT_CONVERSION = YES;
				CLANG_WARN_DIRECT_OBJC_ISA_USAGE = YES_ERROR;
				CLANG_WARN_DOCUMENTATION_COMMENTS = YES;
				CLANG_WARN_EMPTY_BODY = YES;
				CLANG_WARN_ENUM_CONVERSION = YES;
				CLANG_WARN_INFINITE_RECURSION = YES;
				CLANG_WARN_INT_CONVERSION = YES;
				CLANG_WARN_NON_LITERAL_NULL_CONVERSION = YES;
				CLANG_WARN_OBJC_LITERAL_CONVERSION = YES;
				CLANG_WARN_OBJC_ROOT_CLASS = YES_ERROR;
				CLANG_WARN_RANGE_LOOP_ANALYSIS = YES;
				CLANG_WARN_STRICT_PROTOTYPES = YES;
				CLANG_WARN_SUSPICIOUS_MOVE = YES;
				CLANG_WARN_UNGUARDED_AVAILABILITY = YES_AGGRESSIVE;
				CLANG_WARN_UNREACHABLE_CODE = YES;
				CLANG_WARN__DUPLICATE_METHOD_MATCH = YES;
				CODE_SIGN_IDENTITY = "iPhone Developer";
				COPY_PHASE_STRIP = NO;
				DEBUG_INFORMATION_FORMAT = "dwarf-with-dsym";
				ENABLE_NS_ASSERTIONS = NO;
				ENABLE_STRICT_OBJC_MSGSEND = YES;
				GCC_C_LANGUAGE_STANDARD = gnu11;
				GCC_NO_COMMON_BLOCKS = YES;
				GCC_WARN_64_TO_32_BIT_CONVERSION = YES;
				GCC_WARN_ABOUT_RETURN_TYPE = YES_ERROR;
				GCC_WARN_UNDECLARED_SELECTOR = YES;
				GCC_WARN_UNINITIALIZED_AUTOS = YES_AGGRESSIVE;
				GCC_WARN_UNUSED_FUNCTION = YES;
				GCC_WARN_UNUSED_VARIABLE = YES;
				IPHONEOS_DEPLOYMENT_TARGET = 11.1;
				MTL_ENABLE_DEBUG_INFO = NO;
				SDKROOT = iphoneos;
				SWIFT_OPTIMIZATION_LEVEL = "-Owholemodule";
				VALIDATE_PRODUCT = YES;
			};
			name = Release;
		};
		110FF17D21EF6472009B58AF /* Debug */ = {
			isa = XCBuildConfiguration;
			buildSettings = {
				ASSETCATALOG_COMPILER_APPICON_NAME = AppIcon;
				CODE_SIGN_STYLE = Automatic;
				INFOPLIST_FILE = "RSS-Reader/Info.plist";
				LD_RUNPATH_SEARCH_PATHS = "$(inherited) @executable_path/Frameworks";
				PRODUCT_BUNDLE_IDENTIFIER = "Test-Apps.RSS-Reader";
				PRODUCT_NAME = "$(TARGET_NAME)";
				SWIFT_VERSION = 4.0;
				TARGETED_DEVICE_FAMILY = "1,2";
			};
			name = Debug;
		};
		110FF17E21EF6472009B58AF /* Release */ = {
			isa = XCBuildConfiguration;
			buildSettings = {
				ASSETCATALOG_COMPILER_APPICON_NAME = AppIcon;
				CODE_SIGN_STYLE = Automatic;
				INFOPLIST_FILE = "RSS-Reader/Info.plist";
				LD_RUNPATH_SEARCH_PATHS = "$(inherited) @executable_path/Frameworks";
				PRODUCT_BUNDLE_IDENTIFIER = "Test-Apps.RSS-Reader";
				PRODUCT_NAME = "$(TARGET_NAME)";
				SWIFT_VERSION = 4.0;
				TARGETED_DEVICE_FAMILY = "1,2";
			};
			name = Release;
		};
/* End XCBuildConfiguration section */

/* Begin XCConfigurationList section */
		110FF16521EF6472009B58AF /* Build configuration list for PBXProject "RSS-Reader" */ = {
			isa = XCConfigurationList;
			buildConfigurations = (
				110FF17A21EF6472009B58AF /* Debug */,
				110FF17B21EF6472009B58AF /* Release */,
			);
			defaultConfigurationIsVisible = 0;
			defaultConfigurationName = Release;
		};
		110FF17C21EF6472009B58AF /* Build configuration list for PBXNativeTarget "RSS-Reader" */ = {
			isa = XCConfigurationList;
			buildConfigurations = (
				110FF17D21EF6472009B58AF /* Debug */,
				110FF17E21EF6472009B58AF /* Release */,
			);
			defaultConfigurationIsVisible = 0;
			defaultConfigurationName = Release;
		};
/* End XCConfigurationList section */
	};
	rootObject = 110FF16221EF6472009B58AF /* Project object */;
}
